
Microsoft Visual Studio Solution File, Format Version 12.00
# Visual Studio 2012
Project("{FAE04EC0-301F-11D3-BF4B-00C04F79EFBC}") = "CFNet", "CFNET\CFNet.csproj", "{C325B288-4975-4E6C-BABE-8F16006F080D}"
EndProject
Project("{FAE04EC0-301F-11D3-BF4B-00C04F79EFBC}") = "CFNet.Tests", "CFNet.Tests\CFNet.Tests.csproj", "{657CD187-028A-43E5-8F76-ED22BC30CED5}"
EndProject
Project("{FAE04EC0-301F-11D3-BF4B-00C04F79EFBC}") = "sandbox", "sandbox\sandbox.csproj", "{9476187C-7EF4-4F9A-9A59-398279AD7699}"
EndProject
Global
	GlobalSection(SolutionConfigurationPlatforms) = preSolution
		Debug|Any CPU = Debug|Any CPU
		Release|Any CPU = Release|Any CPU
	EndGlobalSection
	GlobalSection(ProjectConfigurationPlatforms) = postSolution
		{C325B288-4975-4E6C-BABE-8F16006F080D}.Debug|Any CPU.ActiveCfg = Debug|Any CPU
		{C325B288-4975-4E6C-BABE-8F16006F080D}.Debug|Any CPU.Build.0 = Debug|Any CPU
		{C325B288-4975-4E6C-BABE-8F16006F080D}.Release|Any CPU.ActiveCfg = Release|Any CPU
		{C325B288-4975-4E6C-BABE-8F16006F080D}.Release|Any CPU.Build.0 = Release|Any CPU
		{657CD187-028A-43E5-8F76-ED22BC30CED5}.Debug|Any CPU.ActiveCfg = Debug|Any CPU
		{657CD187-028A-43E5-8F76-ED22BC30CED5}.Debug|Any CPU.Build.0 = Debug|Any CPU
		{657CD187-028A-43E5-8F76-ED22BC30CED5}.Release|Any CPU.ActiveCfg = Release|Any CPU
		{657CD187-028A-43E5-8F76-ED22BC30CED5}.Release|Any CPU.Build.0 = Release|Any CPU
		{9476187C-7EF4-4F9A-9A59-398279AD7699}.Debug|Any CPU.ActiveCfg = Debug|Any CPU
		{9476187C-7EF4-4F9A-9A59-398279AD7699}.Debug|Any CPU.Build.0 = Debug|Any CPU
		{9476187C-7EF4-4F9A-9A59-398279AD7699}.Release|Any CPU.ActiveCfg = Release|Any CPU
		{9476187C-7EF4-4F9A-9A59-398279AD7699}.Release|Any CPU.Build.0 = Release|Any CPU
	EndGlobalSection
	GlobalSection(SolutionProperties) = preSolution
		HideSolutionNode = FALSE
	EndGlobalSection
EndGlobal
